{
  "version": 4,
  "terraform_version": "0.12.23",
  "serial": 23,
  "lineage": "cc196a5a-f0b8-bac1-4fe6-13c6112f3ab8",
  "outputs": {},
  "resources": [
    {
      "module": "module.dev",
      "mode": "data",
      "type": "aws_subnet",
      "name": "public",
      "each": "map",
      "provider": "module.dev.provider.aws",
      "instances": [
        {
          "index_key": "subnet-024a2605d9eef5190",
          "schema_version": 0,
          "attributes": {
            "arn": "arn:aws:ec2:us-east-1:933683726512:subnet/subnet-024a2605d9eef5190",
            "assign_ipv6_address_on_creation": false,
            "availability_zone": "us-east-1a",
            "availability_zone_id": "use1-az6",
            "cidr_block": "9.0.4.0/22",
            "default_for_az": false,
            "filter": null,
            "id": "subnet-024a2605d9eef5190",
            "ipv6_cidr_block": null,
            "ipv6_cidr_block_association_id": null,
            "map_public_ip_on_launch": true,
            "owner_id": "933683726512",
            "state": "available",
            "tags": {
              "Name": "fiap-lab_public_igw_us-east-1a",
              "Tier": "Public",
              "env": "prod"
            },
            "vpc_id": "vpc-0c8ae36bd30f58098"
          }
        },
        {
          "index_key": "subnet-06dc751d04a5a4dbf",
          "schema_version": 0,
          "attributes": {
            "arn": "arn:aws:ec2:us-east-1:933683726512:subnet/subnet-06dc751d04a5a4dbf",
            "assign_ipv6_address_on_creation": false,
            "availability_zone": "us-east-1b",
            "availability_zone_id": "use1-az1",
            "cidr_block": "9.0.8.0/22",
            "default_for_az": false,
            "filter": null,
            "id": "subnet-06dc751d04a5a4dbf",
            "ipv6_cidr_block": null,
            "ipv6_cidr_block_association_id": null,
            "map_public_ip_on_launch": true,
            "owner_id": "933683726512",
            "state": "available",
            "tags": {
              "Name": "fiap-lab_public_igw_us-east-1b",
              "Tier": "Public",
              "env": "prod"
            },
            "vpc_id": "vpc-0c8ae36bd30f58098"
          }
        },
        {
          "index_key": "subnet-07ad2a6af80e4a2b0",
          "schema_version": 0,
          "attributes": {
            "arn": "arn:aws:ec2:us-east-1:933683726512:subnet/subnet-07ad2a6af80e4a2b0",
            "assign_ipv6_address_on_creation": false,
            "availability_zone": "us-east-1c",
            "availability_zone_id": "use1-az2",
            "cidr_block": "9.0.12.0/22",
            "default_for_az": false,
            "filter": null,
            "id": "subnet-07ad2a6af80e4a2b0",
            "ipv6_cidr_block": null,
            "ipv6_cidr_block_association_id": null,
            "map_public_ip_on_launch": true,
            "owner_id": "933683726512",
            "state": "available",
            "tags": {
              "Name": "fiap-lab_public_igw_us-east-1c",
              "Tier": "Public",
              "env": "prod"
            },
            "vpc_id": "vpc-0c8ae36bd30f58098"
          }
        },
        {
          "index_key": "subnet-0e37bd59118b0c744",
          "schema_version": 0,
          "attributes": {
            "arn": "arn:aws:ec2:us-east-1:933683726512:subnet/subnet-0e37bd59118b0c744",
            "assign_ipv6_address_on_creation": false,
            "availability_zone": "us-east-1f",
            "availability_zone_id": "use1-az5",
            "cidr_block": "9.0.24.0/22",
            "default_for_az": false,
            "filter": null,
            "id": "subnet-0e37bd59118b0c744",
            "ipv6_cidr_block": null,
            "ipv6_cidr_block_association_id": null,
            "map_public_ip_on_launch": true,
            "owner_id": "933683726512",
            "state": "available",
            "tags": {
              "Name": "fiap-lab_public_igw_us-east-1f",
              "Tier": "Public",
              "env": "prod"
            },
            "vpc_id": "vpc-0c8ae36bd30f58098"
          }
        },
        {
          "index_key": "subnet-0e6685e49638eb99a",
          "schema_version": 0,
          "attributes": {
            "arn": "arn:aws:ec2:us-east-1:933683726512:subnet/subnet-0e6685e49638eb99a",
            "assign_ipv6_address_on_creation": false,
            "availability_zone": "us-east-1e",
            "availability_zone_id": "use1-az3",
            "cidr_block": "9.0.20.0/22",
            "default_for_az": false,
            "filter": null,
            "id": "subnet-0e6685e49638eb99a",
            "ipv6_cidr_block": null,
            "ipv6_cidr_block_association_id": null,
            "map_public_ip_on_launch": true,
            "owner_id": "933683726512",
            "state": "available",
            "tags": {
              "Name": "fiap-lab_public_igw_us-east-1e",
              "Tier": "Public",
              "env": "prod"
            },
            "vpc_id": "vpc-0c8ae36bd30f58098"
          }
        },
        {
          "index_key": "subnet-0fd03439717a911e2",
          "schema_version": 0,
          "attributes": {
            "arn": "arn:aws:ec2:us-east-1:933683726512:subnet/subnet-0fd03439717a911e2",
            "assign_ipv6_address_on_creation": false,
            "availability_zone": "us-east-1d",
            "availability_zone_id": "use1-az4",
            "cidr_block": "9.0.16.0/22",
            "default_for_az": false,
            "filter": null,
            "id": "subnet-0fd03439717a911e2",
            "ipv6_cidr_block": null,
            "ipv6_cidr_block_association_id": null,
            "map_public_ip_on_launch": true,
            "owner_id": "933683726512",
            "state": "available",
            "tags": {
              "Name": "fiap-lab_public_igw_us-east-1d",
              "Tier": "Public",
              "env": "prod"
            },
            "vpc_id": "vpc-0c8ae36bd30f58098"
          }
        }
      ]
    },
    {
      "module": "module.dev",
      "mode": "data",
      "type": "aws_subnet_ids",
      "name": "all",
      "provider": "module.dev.provider.aws",
      "instances": [
        {
          "schema_version": 0,
          "attributes": {
            "filter": null,
            "id": "vpc-0c8ae36bd30f58098",
            "ids": [
              "subnet-024a2605d9eef5190",
              "subnet-06dc751d04a5a4dbf",
              "subnet-07ad2a6af80e4a2b0",
              "subnet-0e37bd59118b0c744",
              "subnet-0e6685e49638eb99a",
              "subnet-0fd03439717a911e2"
            ],
            "tags": {
              "Tier": "Public"
            },
            "vpc_id": "vpc-0c8ae36bd30f58098"
          }
        }
      ]
    },
    {
      "module": "module.dev",
      "mode": "data",
      "type": "aws_vpc",
      "name": "vpc",
      "provider": "module.dev.provider.aws",
      "instances": [
        {
          "schema_version": 0,
          "attributes": {
            "arn": "arn:aws:ec2:us-east-1:933683726512:vpc/vpc-0c8ae36bd30f58098",
            "cidr_block": "9.0.0.0/16",
            "cidr_block_associations": [
              {
                "association_id": "vpc-cidr-assoc-0db46c41c472d3509",
                "cidr_block": "9.0.0.0/16",
                "state": "associated"
              }
            ],
            "default": false,
            "dhcp_options_id": "dopt-89b215f3",
            "enable_dns_hostnames": true,
            "enable_dns_support": true,
            "filter": null,
            "id": "vpc-0c8ae36bd30f58098",
            "instance_tenancy": "default",
            "ipv6_association_id": null,
            "ipv6_cidr_block": null,
            "main_route_table_id": "rtb-0cb40d5e1551e3a36",
            "owner_id": "933683726512",
            "state": "available",
            "tags": {
              "Name": "fiap-lab",
              "env": "prod"
            }
          }
        }
      ]
    },
    {
      "module": "module.dev",
      "mode": "managed",
      "type": "aws_elb",
      "name": "web",
      "provider": "module.dev.provider.aws",
      "instances": [
        {
          "schema_version": 0,
          "attributes": {
            "access_logs": [],
            "arn": "arn:aws:elasticloadbalancing:us-east-1:933683726512:loadbalancer/terraform-example-elb-default",
            "availability_zones": [
              "us-east-1a",
              "us-east-1b",
              "us-east-1c",
              "us-east-1d",
              "us-east-1e",
              "us-east-1f"
            ],
            "connection_draining": false,
            "connection_draining_timeout": 300,
            "cross_zone_load_balancing": true,
            "dns_name": "terraform-example-elb-default-1261314437.us-east-1.elb.amazonaws.com",
            "health_check": [
              {
                "healthy_threshold": 2,
                "interval": 6,
                "target": "HTTP:80/",
                "timeout": 3,
                "unhealthy_threshold": 2
              }
            ],
            "id": "terraform-example-elb-default",
            "idle_timeout": 60,
            "instances": [
              "i-0c5c1b4bd129e4037",
              "i-0db7f9c8e892977a0"
            ],
            "internal": false,
            "listener": [
              {
                "instance_port": 80,
                "instance_protocol": "http",
                "lb_port": 80,
                "lb_protocol": "http",
                "ssl_certificate_id": ""
              }
            ],
            "name": "terraform-example-elb-default",
            "name_prefix": null,
            "security_groups": [
              "sg-058905c1121c559da"
            ],
            "source_security_group": "933683726512/allow-ssh2-default",
            "source_security_group_id": "sg-058905c1121c559da",
            "subnets": [
              "subnet-024a2605d9eef5190",
              "subnet-06dc751d04a5a4dbf",
              "subnet-07ad2a6af80e4a2b0",
              "subnet-0e37bd59118b0c744",
              "subnet-0e6685e49638eb99a",
              "subnet-0fd03439717a911e2"
            ],
            "tags": {},
            "zone_id": "Z35SXDOTRQ7X7K"
          },
          "private": "bnVsbA==",
          "dependencies": [
            "module.dev.aws_instance.web",
            "module.dev.aws_security_group.allow-ssh2",
            "module.dev.random_shuffle.random_subnet"
          ]
        }
      ]
    },
    {
      "module": "module.dev",
      "mode": "managed",
      "type": "aws_instance",
      "name": "web",
      "each": "list",
      "provider": "module.dev.provider.aws",
      "instances": [
        {
          "index_key": 0,
          "schema_version": 1,
          "attributes": {
            "ami": "ami-13be557e",
            "arn": "arn:aws:ec2:us-east-1:933683726512:instance/i-0db7f9c8e892977a0",
            "associate_public_ip_address": true,
            "availability_zone": "us-east-1d",
            "cpu_core_count": 1,
            "cpu_threads_per_core": 1,
            "credit_specification": [
              {
                "cpu_credits": "standard"
              }
            ],
            "disable_api_termination": false,
            "ebs_block_device": [],
            "ebs_optimized": false,
            "ephemeral_block_device": [],
            "get_password_data": false,
            "hibernation": false,
            "host_id": null,
            "iam_instance_profile": "",
            "id": "i-0db7f9c8e892977a0",
            "instance_initiated_shutdown_behavior": null,
            "instance_state": "running",
            "instance_type": "t2.micro",
            "ipv6_address_count": 0,
            "ipv6_addresses": [],
            "key_name": "fiap-lab",
            "metadata_options": [
              {
                "http_endpoint": "enabled",
                "http_put_response_hop_limit": 1,
                "http_tokens": "optional"
              }
            ],
            "monitoring": false,
            "network_interface": [],
            "network_interface_id": null,
            "password_data": "",
            "placement_group": "",
            "primary_network_interface_id": "eni-0151d707a6994ffb5",
            "private_dns": "ip-9-0-17-54.ec2.internal",
            "private_ip": "9.0.17.54",
            "public_dns": "ec2-34-229-205-24.compute-1.amazonaws.com",
            "public_ip": "34.229.205.24",
            "root_block_device": [
              {
                "delete_on_termination": true,
                "device_name": "/dev/sda1",
                "encrypted": false,
                "iops": 100,
                "kms_key_id": "",
                "volume_id": "vol-0f89a85d4ee9ea2e5",
                "volume_size": 8,
                "volume_type": "gp2"
              }
            ],
            "security_groups": [],
            "source_dest_check": true,
            "subnet_id": "subnet-0fd03439717a911e2",
            "tags": {
              "Name": "nginx-default-001"
            },
            "tenancy": "default",
            "timeouts": null,
            "user_data": null,
            "user_data_base64": null,
            "volume_tags": {},
            "vpc_security_group_ids": [
              "sg-058905c1121c559da"
            ]
          },
          "private": "eyJlMmJmYjczMC1lY2FhLTExZTYtOGY4OC0zNDM2M2JjN2M0YzAiOnsiY3JlYXRlIjo2MDAwMDAwMDAwMDAsImRlbGV0ZSI6MTIwMDAwMDAwMDAwMCwidXBkYXRlIjo2MDAwMDAwMDAwMDB9LCJzY2hlbWFfdmVyc2lvbiI6IjEifQ==",
          "dependencies": [
            "module.dev.aws_security_group.allow-ssh2",
            "module.dev.random_shuffle.random_subnet"
          ]
        },
        {
          "index_key": 1,
          "schema_version": 1,
          "attributes": {
            "ami": "ami-13be557e",
            "arn": "arn:aws:ec2:us-east-1:933683726512:instance/i-0c5c1b4bd129e4037",
            "associate_public_ip_address": true,
            "availability_zone": "us-east-1d",
            "cpu_core_count": 1,
            "cpu_threads_per_core": 1,
            "credit_specification": [
              {
                "cpu_credits": "standard"
              }
            ],
            "disable_api_termination": false,
            "ebs_block_device": [],
            "ebs_optimized": false,
            "ephemeral_block_device": [],
            "get_password_data": false,
            "hibernation": false,
            "host_id": null,
            "iam_instance_profile": "",
            "id": "i-0c5c1b4bd129e4037",
            "instance_initiated_shutdown_behavior": null,
            "instance_state": "running",
            "instance_type": "t2.micro",
            "ipv6_address_count": 0,
            "ipv6_addresses": [],
            "key_name": "fiap-lab",
            "metadata_options": [
              {
                "http_endpoint": "enabled",
                "http_put_response_hop_limit": 1,
                "http_tokens": "optional"
              }
            ],
            "monitoring": false,
            "network_interface": [],
            "network_interface_id": null,
            "password_data": "",
            "placement_group": "",
            "primary_network_interface_id": "eni-0630d2a3060acc98d",
            "private_dns": "ip-9-0-17-255.ec2.internal",
            "private_ip": "9.0.17.255",
            "public_dns": "ec2-54-227-52-54.compute-1.amazonaws.com",
            "public_ip": "54.227.52.54",
            "root_block_device": [
              {
                "delete_on_termination": true,
                "device_name": "/dev/sda1",
                "encrypted": false,
                "iops": 100,
                "kms_key_id": "",
                "volume_id": "vol-049e1ccee03e6453c",
                "volume_size": 8,
                "volume_type": "gp2"
              }
            ],
            "security_groups": [],
            "source_dest_check": true,
            "subnet_id": "subnet-0fd03439717a911e2",
            "tags": {
              "Name": "nginx-default-002"
            },
            "tenancy": "default",
            "timeouts": null,
            "user_data": null,
            "user_data_base64": null,
            "volume_tags": {},
            "vpc_security_group_ids": [
              "sg-058905c1121c559da"
            ]
          },
          "private": "eyJlMmJmYjczMC1lY2FhLTExZTYtOGY4OC0zNDM2M2JjN2M0YzAiOnsiY3JlYXRlIjo2MDAwMDAwMDAwMDAsImRlbGV0ZSI6MTIwMDAwMDAwMDAwMCwidXBkYXRlIjo2MDAwMDAwMDAwMDB9LCJzY2hlbWFfdmVyc2lvbiI6IjEifQ==",
          "dependencies": [
            "module.dev.aws_security_group.allow-ssh2",
            "module.dev.random_shuffle.random_subnet"
          ]
        }
      ]
    },
    {
      "module": "module.dev",
      "mode": "managed",
      "type": "aws_security_group",
      "name": "allow-ssh2",
      "provider": "module.dev.provider.aws",
      "instances": [
        {
          "schema_version": 1,
          "attributes": {
            "arn": "arn:aws:ec2:us-east-1:933683726512:security-group/sg-058905c1121c559da",
            "description": "Managed by Terraform",
            "egress": [
              {
                "cidr_blocks": [
                  "0.0.0.0/0"
                ],
                "description": "",
                "from_port": 0,
                "ipv6_cidr_blocks": [],
                "prefix_list_ids": [],
                "protocol": "-1",
                "security_groups": [],
                "self": false,
                "to_port": 0
              }
            ],
            "id": "sg-058905c1121c559da",
            "ingress": [
              {
                "cidr_blocks": [
                  "0.0.0.0/0"
                ],
                "description": "",
                "from_port": 22,
                "ipv6_cidr_blocks": [],
                "prefix_list_ids": [],
                "protocol": "tcp",
                "security_groups": [],
                "self": false,
                "to_port": 22
              },
              {
                "cidr_blocks": [
                  "0.0.0.0/0"
                ],
                "description": "",
                "from_port": 80,
                "ipv6_cidr_blocks": [],
                "prefix_list_ids": [],
                "protocol": "tcp",
                "security_groups": [],
                "self": false,
                "to_port": 80
              }
            ],
            "name": "allow-ssh2-default",
            "name_prefix": null,
            "owner_id": "933683726512",
            "revoke_rules_on_delete": false,
            "tags": {
              "Name": "allow-ssh2-default"
            },
            "timeouts": null,
            "vpc_id": "vpc-0c8ae36bd30f58098"
          },
          "private": "eyJlMmJmYjczMC1lY2FhLTExZTYtOGY4OC0zNDM2M2JjN2M0YzAiOnsiY3JlYXRlIjo2MDAwMDAwMDAwMDAsImRlbGV0ZSI6NjAwMDAwMDAwMDAwfSwic2NoZW1hX3ZlcnNpb24iOiIxIn0="
        }
      ]
    },
    {
      "module": "module.dev",
      "mode": "managed",
      "type": "random_shuffle",
      "name": "random_subnet",
      "provider": "provider.random",
      "instances": [
        {
          "schema_version": 0,
          "attributes": {
            "id": "-",
            "input": [
              "subnet-024a2605d9eef5190",
              "subnet-06dc751d04a5a4dbf",
              "subnet-07ad2a6af80e4a2b0",
              "subnet-0e37bd59118b0c744",
              "subnet-0e6685e49638eb99a",
              "subnet-0fd03439717a911e2"
            ],
            "keepers": null,
            "result": [
              "subnet-0fd03439717a911e2"
            ],
            "result_count": 1,
            "seed": null
          },
          "private": "bnVsbA=="
        }
      ]
    }
  ]
}
